PODS:
  - LYCategory (1.2.39)
  - LYToolkit (1.0.0):
    - LYCategory

DEPENDENCIES:
  - LYToolkit (from `../`)

SPEC REPOS:
  https://github.com/cocoapods/specs.git:
    - LYCategory

EXTERNAL SOURCES:
  LYToolkit:
    :path: "../"

SPEC CHECKSUMS:
  LYCategory: 97fe1511b84c7597a96155a080cd76ff49f523f0
  LYToolkit: b7177d4be85d9d9e6c2094cb8037bf67e4c6aef1

PODFILE CHECKSUM: 8156c86748106b8db72f02692af3fae40d7f76a7

COCOAPODS: 1.5.3
